
Microsoft Visual Studio Solution File, Format Version 12.00
# Visual Studio Version 17
VisualStudioVersion = 17.4.33103.184
MinimumVisualStudioVersion = 10.0.40219.1
Project("{FAE04EC0-301F-11D3-BF4B-00C04F79EFBC}") = "WpfApp10", "WpfApp10\WpfApp10.csproj", "{0BC3A22A-5925-4B4F-89DC-8E970447893F}"
EndProject
Global
	GlobalSection(SolutionConfigurationPlatforms) = preSolution
		Debug|Any CPU = Debug|Any CPU
		Release|Any CPU = Release|Any CPU
	EndGlobalSection
	GlobalSection(ProjectConfigurationPlatforms) = postSolution
		{0BC3A22A-5925-4B4F-89DC-8E970447893F}.Debug|Any CPU.ActiveCfg = Debug|Any CPU
		{0BC3A22A-5925-4B4F-89DC-8E970447893F}.Debug|Any CPU.Build.0 = Debug|Any CPU
		{0BC3A22A-5925-4B4F-89DC-8E970447893F}.Release|Any CPU.ActiveCfg = Release|Any CPU
		{0BC3A22A-5925-4B4F-89DC-8E970447893F}.Release|Any CPU.Build.0 = Release|Any CPU
	EndGlobalSection
	GlobalSection(SolutionProperties) = preSolution
		HideSolutionNode = FALSE
	EndGlobalSection
	GlobalSection(ExtensibilityGlobals) = postSolution
		SolutionGuid = {DFB52E54-97DB-4D15-A23A-E2ED237CF588}
	EndGlobalSection
EndGlobal
